
Microsoft Visual Studio Solution File, Format Version 12.00
# Visual Studio Version 16
VisualStudioVersion = 16.0.32228.343
MinimumVisualStudioVersion = 10.0.40219.1
Project("{FAE04EC0-301F-11D3-BF4B-00C04F79EFBC}") = "Admin", "Admin\Admin.csproj", "{6A2A3C94-48F3-4652-8799-E7B8EA02C493}"
EndProject
Project("{FAE04EC0-301F-11D3-BF4B-00C04F79EFBC}") = "DAL", "DAL\DAL.csproj", "{9F14B7D7-2568-4201-9C53-F7B3DB330154}"
EndProject
Global
	GlobalSection(SolutionConfigurationPlatforms) = preSolution
		Debug|Any CPU = Debug|Any CPU
		Release|Any CPU = Release|Any CPU
	EndGlobalSection
	GlobalSection(ProjectConfigurationPlatforms) = postSolution
		{6A2A3C94-48F3-4652-8799-E7B8EA02C493}.Debug|Any CPU.ActiveCfg = Debug|Any CPU
		{6A2A3C94-48F3-4652-8799-E7B8EA02C493}.Debug|Any CPU.Build.0 = Debug|Any CPU
		{6A2A3C94-48F3-4652-8799-E7B8EA02C493}.Release|Any CPU.ActiveCfg = Release|Any CPU
		{6A2A3C94-48F3-4652-8799-E7B8EA02C493}.Release|Any CPU.Build.0 = Release|Any CPU
		{9F14B7D7-2568-4201-9C53-F7B3DB330154}.Debug|Any CPU.ActiveCfg = Debug|Any CPU
		{9F14B7D7-2568-4201-9C53-F7B3DB330154}.Debug|Any CPU.Build.0 = Debug|Any CPU
		{9F14B7D7-2568-4201-9C53-F7B3DB330154}.Release|Any CPU.ActiveCfg = Release|Any CPU
		{9F14B7D7-2568-4201-9C53-F7B3DB330154}.Release|Any CPU.Build.0 = Release|Any CPU
	EndGlobalSection
	GlobalSection(SolutionProperties) = preSolution
		HideSolutionNode = FALSE
	EndGlobalSection
	GlobalSection(ExtensibilityGlobals) = postSolution
		SolutionGuid = {55C1E58C-517E-450B-B560-229ADEFDDD6D}
	EndGlobalSection
EndGlobal
